
Microsoft Visual Studio Solution File, Format Version 12.00
# Visual Studio Version 17
VisualStudioVersion = 17.1.32414.318
MinimumVisualStudioVersion = 10.0.40219.1
Project("{9A19103F-16F7-4668-BE54-9A1E7A4F7556}") = "QueryPressure", "QueryPressure\QueryPressure.csproj", "{2D92784D-144A-4285-942C-0B2B8739A376}"
EndProject
Project("{9A19103F-16F7-4668-BE54-9A1E7A4F7556}") = "QueryPressure.Tests", "QueryPressure.Tests\QueryPressure.Tests.csproj", "{689D1E3D-13DD-4774-AD75-70BDB813BC02}"
EndProject
Project("{FAE04EC0-301F-11D3-BF4B-00C04F79EFBC}") = "QueryPressure.Core", "QueryPressure.Core\QueryPressure.Core.csproj", "{B3CBE85E-1B80-4CF3-8543-FD9AADC56542}"
EndProject
Global
	GlobalSection(SolutionConfigurationPlatforms) = preSolution
		Debug|Any CPU = Debug|Any CPU
		Release|Any CPU = Release|Any CPU
	EndGlobalSection
	GlobalSection(ProjectConfigurationPlatforms) = postSolution
		{2D92784D-144A-4285-942C-0B2B8739A376}.Debug|Any CPU.ActiveCfg = Debug|Any CPU
		{2D92784D-144A-4285-942C-0B2B8739A376}.Debug|Any CPU.Build.0 = Debug|Any CPU
		{2D92784D-144A-4285-942C-0B2B8739A376}.Release|Any CPU.ActiveCfg = Release|Any CPU
		{2D92784D-144A-4285-942C-0B2B8739A376}.Release|Any CPU.Build.0 = Release|Any CPU
		{689D1E3D-13DD-4774-AD75-70BDB813BC02}.Debug|Any CPU.ActiveCfg = Debug|Any CPU
		{689D1E3D-13DD-4774-AD75-70BDB813BC02}.Debug|Any CPU.Build.0 = Debug|Any CPU
		{689D1E3D-13DD-4774-AD75-70BDB813BC02}.Release|Any CPU.ActiveCfg = Release|Any CPU
		{689D1E3D-13DD-4774-AD75-70BDB813BC02}.Release|Any CPU.Build.0 = Release|Any CPU
		{B3CBE85E-1B80-4CF3-8543-FD9AADC56542}.Debug|Any CPU.ActiveCfg = Debug|Any CPU
		{B3CBE85E-1B80-4CF3-8543-FD9AADC56542}.Debug|Any CPU.Build.0 = Debug|Any CPU
		{B3CBE85E-1B80-4CF3-8543-FD9AADC56542}.Release|Any CPU.ActiveCfg = Release|Any CPU
		{B3CBE85E-1B80-4CF3-8543-FD9AADC56542}.Release|Any CPU.Build.0 = Release|Any CPU
	EndGlobalSection
	GlobalSection(SolutionProperties) = preSolution
		HideSolutionNode = FALSE
	EndGlobalSection
	GlobalSection(ExtensibilityGlobals) = postSolution
		SolutionGuid = {EAAED4D2-80B1-4C73-94C2-04F201D6A85B}
	EndGlobalSection
EndGlobal
